
Microsoft Visual Studio Solution File, Format Version 12.00
# Visual Studio 2015
Project("{FAE04EC0-301F-11D3-BF4B-00C04F79EFBC}") = "HouseBuilder_git.CSharp", "HouseBuilder_git.CSharp.csproj", "{77344D84-202D-426E-1915-C8FAB660226E}"
EndProject
Project("{FAE04EC0-301F-11D3-BF4B-00C04F79EFBC}") = "HouseBuilder_git.CSharp.Editor", "HouseBuilder_git.CSharp.Editor.csproj", "{BD0666E1-3D35-729A-B92C-49F87F3B40C7}"
EndProject
Global
	GlobalSection(SolutionConfigurationPlatforms) = preSolution
		Debug|Any CPU = Debug|Any CPU
		Release|Any CPU = Release|Any CPU
	EndGlobalSection
	GlobalSection(ProjectConfigurationPlatforms) = postSolution
		{77344D84-202D-426E-1915-C8FAB660226E}.Debug|Any CPU.ActiveCfg = Debug|Any CPU
		{77344D84-202D-426E-1915-C8FAB660226E}.Debug|Any CPU.Build.0 = Debug|Any CPU
		{77344D84-202D-426E-1915-C8FAB660226E}.Release|Any CPU.ActiveCfg = Release|Any CPU
		{77344D84-202D-426E-1915-C8FAB660226E}.Release|Any CPU.Build.0 = Release|Any CPU
		{BD0666E1-3D35-729A-B92C-49F87F3B40C7}.Debug|Any CPU.ActiveCfg = Debug|Any CPU
		{BD0666E1-3D35-729A-B92C-49F87F3B40C7}.Debug|Any CPU.Build.0 = Debug|Any CPU
		{BD0666E1-3D35-729A-B92C-49F87F3B40C7}.Release|Any CPU.ActiveCfg = Release|Any CPU
		{BD0666E1-3D35-729A-B92C-49F87F3B40C7}.Release|Any CPU.Build.0 = Release|Any CPU
	EndGlobalSection
	GlobalSection(SolutionProperties) = preSolution
		HideSolutionNode = FALSE
	EndGlobalSection
EndGlobal
